
Microsoft Visual Studio Solution File, Format Version 12.00
# Visual Studio Version 17
VisualStudioVersion = 17.0.31903.59
MinimumVisualStudioVersion = 10.0.40219.1
Project("{FAE04EC0-301F-11D3-BF4B-00C04F79EFBC}") = "MCPFlow", "MCPFlow\MCPFlow.csproj", "{784F7CF9-8715-4CFA-A22C-5935FA9116D2}"
EndProject
Project("{FAE04EC0-301F-11D3-BF4B-00C04F79EFBC}") = "MCPFlow.Playground", "MCPFlow.Playground\MCPFlow.Playground.csproj", "{D2FBD872-6024-4D24-BCC9-C072E7473C59}"
EndProject
Global
	GlobalSection(SolutionConfigurationPlatforms) = preSolution
		Debug|Any CPU = Debug|Any CPU
		Release|Any CPU = Release|Any CPU
	EndGlobalSection
	GlobalSection(ProjectConfigurationPlatforms) = postSolution
		{784F7CF9-8715-4CFA-A22C-5935FA9116D2}.Debug|Any CPU.ActiveCfg = Debug|Any CPU
		{784F7CF9-8715-4CFA-A22C-5935FA9116D2}.Debug|Any CPU.Build.0 = Debug|Any CPU
		{784F7CF9-8715-4CFA-A22C-5935FA9116D2}.Release|Any CPU.ActiveCfg = Release|Any CPU
		{784F7CF9-8715-4CFA-A22C-5935FA9116D2}.Release|Any CPU.Build.0 = Release|Any CPU
		{D2FBD872-6024-4D24-BCC9-C072E7473C59}.Debug|Any CPU.ActiveCfg = Debug|Any CPU
		{D2FBD872-6024-4D24-BCC9-C072E7473C59}.Debug|Any CPU.Build.0 = Debug|Any CPU
		{D2FBD872-6024-4D24-BCC9-C072E7473C59}.Release|Any CPU.ActiveCfg = Release|Any CPU
		{D2FBD872-6024-4D24-BCC9-C072E7473C59}.Release|Any CPU.Build.0 = Release|Any CPU
	EndGlobalSection
	GlobalSection(SolutionProperties) = preSolution
		HideSolutionNode = FALSE
	EndGlobalSection
	GlobalSection(ExtensibilityGlobals) = postSolution
		SolutionGuid = {79B20892-AC4C-4C89-8983-EFDDBE233EC5}
	EndGlobalSection
EndGlobal
